
Microsoft Visual Studio Solution File, Format Version 12.00
# Visual Studio 2012
Project("{FAE04EC0-301F-11D3-BF4B-00C04F79EFBC}") = "mylife", "mylife\mylife.csproj", "{0A8CFB7A-3E2A-4439-814A-CE11A75969D2}"
EndProject
Project("{FAE04EC0-301F-11D3-BF4B-00C04F79EFBC}") = "mylife.iOS", "iOS\mylife.iOS.csproj", "{10190D15-AAE5-4F5C-B092-F91062FEB02D}"
EndProject
Project("{FAE04EC0-301F-11D3-BF4B-00C04F79EFBC}") = "mylife.Droid", "Droid\mylife.Droid.csproj", "{814079F1-20D8-4DAB-BBAC-C4EFB4E5EFC6}"
EndProject
Project("{FAE04EC0-301F-11D3-BF4B-00C04F79EFBC}") = "mylife.UITests", "UITests\mylife.UITests.csproj", "{50FEE355-6550-4873-9667-8A7F31B8A1E0}"
EndProject
Global
	GlobalSection(SolutionConfigurationPlatforms) = preSolution
		Debug|Any CPU = Debug|Any CPU
		Release|Any CPU = Release|Any CPU
		Debug|iPhoneSimulator = Debug|iPhoneSimulator
		Release|iPhone = Release|iPhone
		Release|iPhoneSimulator = Release|iPhoneSimulator
		Debug|iPhone = Debug|iPhone
	EndGlobalSection
	GlobalSection(ProjectConfigurationPlatforms) = postSolution
		{0A8CFB7A-3E2A-4439-814A-CE11A75969D2}.Debug|Any CPU.ActiveCfg = Debug|Any CPU
		{0A8CFB7A-3E2A-4439-814A-CE11A75969D2}.Debug|Any CPU.Build.0 = Debug|Any CPU
		{0A8CFB7A-3E2A-4439-814A-CE11A75969D2}.Debug|iPhone.ActiveCfg = Debug|Any CPU
		{0A8CFB7A-3E2A-4439-814A-CE11A75969D2}.Debug|iPhone.Build.0 = Debug|Any CPU
		{0A8CFB7A-3E2A-4439-814A-CE11A75969D2}.Debug|iPhoneSimulator.ActiveCfg = Debug|Any CPU
		{0A8CFB7A-3E2A-4439-814A-CE11A75969D2}.Debug|iPhoneSimulator.Build.0 = Debug|Any CPU
		{0A8CFB7A-3E2A-4439-814A-CE11A75969D2}.Release|Any CPU.ActiveCfg = Release|Any CPU
		{0A8CFB7A-3E2A-4439-814A-CE11A75969D2}.Release|Any CPU.Build.0 = Release|Any CPU
		{0A8CFB7A-3E2A-4439-814A-CE11A75969D2}.Release|iPhone.ActiveCfg = Release|Any CPU
		{0A8CFB7A-3E2A-4439-814A-CE11A75969D2}.Release|iPhone.Build.0 = Release|Any CPU
		{0A8CFB7A-3E2A-4439-814A-CE11A75969D2}.Release|iPhoneSimulator.ActiveCfg = Release|Any CPU
		{0A8CFB7A-3E2A-4439-814A-CE11A75969D2}.Release|iPhoneSimulator.Build.0 = Release|Any CPU
		{10190D15-AAE5-4F5C-B092-F91062FEB02D}.Debug|Any CPU.ActiveCfg = Debug|iPhoneSimulator
		{10190D15-AAE5-4F5C-B092-F91062FEB02D}.Debug|Any CPU.Build.0 = Debug|iPhoneSimulator
		{10190D15-AAE5-4F5C-B092-F91062FEB02D}.Debug|iPhone.ActiveCfg = Debug|iPhone
		{10190D15-AAE5-4F5C-B092-F91062FEB02D}.Debug|iPhone.Build.0 = Debug|iPhone
		{10190D15-AAE5-4F5C-B092-F91062FEB02D}.Debug|iPhoneSimulator.ActiveCfg = Debug|iPhoneSimulator
		{10190D15-AAE5-4F5C-B092-F91062FEB02D}.Debug|iPhoneSimulator.Build.0 = Debug|iPhoneSimulator
		{10190D15-AAE5-4F5C-B092-F91062FEB02D}.Release|Any CPU.ActiveCfg = Release|iPhone
		{10190D15-AAE5-4F5C-B092-F91062FEB02D}.Release|Any CPU.Build.0 = Release|iPhone
		{10190D15-AAE5-4F5C-B092-F91062FEB02D}.Release|iPhone.ActiveCfg = Release|iPhone
		{10190D15-AAE5-4F5C-B092-F91062FEB02D}.Release|iPhone.Build.0 = Release|iPhone
		{10190D15-AAE5-4F5C-B092-F91062FEB02D}.Release|iPhoneSimulator.ActiveCfg = Release|iPhoneSimulator
		{10190D15-AAE5-4F5C-B092-F91062FEB02D}.Release|iPhoneSimulator.Build.0 = Release|iPhoneSimulator
		{50FEE355-6550-4873-9667-8A7F31B8A1E0}.Debug|Any CPU.ActiveCfg = Debug|Any CPU
		{50FEE355-6550-4873-9667-8A7F31B8A1E0}.Debug|Any CPU.Build.0 = Debug|Any CPU
		{50FEE355-6550-4873-9667-8A7F31B8A1E0}.Debug|iPhone.ActiveCfg = Debug|Any CPU
		{50FEE355-6550-4873-9667-8A7F31B8A1E0}.Debug|iPhone.Build.0 = Debug|Any CPU
		{50FEE355-6550-4873-9667-8A7F31B8A1E0}.Debug|iPhoneSimulator.ActiveCfg = Debug|Any CPU
		{50FEE355-6550-4873-9667-8A7F31B8A1E0}.Debug|iPhoneSimulator.Build.0 = Debug|Any CPU
		{50FEE355-6550-4873-9667-8A7F31B8A1E0}.Release|Any CPU.ActiveCfg = Release|Any CPU
		{50FEE355-6550-4873-9667-8A7F31B8A1E0}.Release|Any CPU.Build.0 = Release|Any CPU
		{50FEE355-6550-4873-9667-8A7F31B8A1E0}.Release|iPhone.ActiveCfg = Release|Any CPU
		{50FEE355-6550-4873-9667-8A7F31B8A1E0}.Release|iPhone.Build.0 = Release|Any CPU
		{50FEE355-6550-4873-9667-8A7F31B8A1E0}.Release|iPhoneSimulator.ActiveCfg = Release|Any CPU
		{50FEE355-6550-4873-9667-8A7F31B8A1E0}.Release|iPhoneSimulator.Build.0 = Release|Any CPU
		{814079F1-20D8-4DAB-BBAC-C4EFB4E5EFC6}.Debug|Any CPU.ActiveCfg = Debug|Any CPU
		{814079F1-20D8-4DAB-BBAC-C4EFB4E5EFC6}.Debug|Any CPU.Build.0 = Debug|Any CPU
		{814079F1-20D8-4DAB-BBAC-C4EFB4E5EFC6}.Debug|iPhone.ActiveCfg = Debug|Any CPU
		{814079F1-20D8-4DAB-BBAC-C4EFB4E5EFC6}.Debug|iPhone.Build.0 = Debug|Any CPU
		{814079F1-20D8-4DAB-BBAC-C4EFB4E5EFC6}.Debug|iPhoneSimulator.ActiveCfg = Debug|Any CPU
		{814079F1-20D8-4DAB-BBAC-C4EFB4E5EFC6}.Debug|iPhoneSimulator.Build.0 = Debug|Any CPU
		{814079F1-20D8-4DAB-BBAC-C4EFB4E5EFC6}.Release|Any CPU.ActiveCfg = Release|Any CPU
		{814079F1-20D8-4DAB-BBAC-C4EFB4E5EFC6}.Release|Any CPU.Build.0 = Release|Any CPU
		{814079F1-20D8-4DAB-BBAC-C4EFB4E5EFC6}.Release|iPhone.ActiveCfg = Release|Any CPU
		{814079F1-20D8-4DAB-BBAC-C4EFB4E5EFC6}.Release|iPhone.Build.0 = Release|Any CPU
		{814079F1-20D8-4DAB-BBAC-C4EFB4E5EFC6}.Release|iPhoneSimulator.ActiveCfg = Release|Any CPU
		{814079F1-20D8-4DAB-BBAC-C4EFB4E5EFC6}.Release|iPhoneSimulator.Build.0 = Release|Any CPU
	EndGlobalSection
	GlobalSection(MonoDevelopProperties) = preSolution
		Policies = $0
		$0.DotNetNamingPolicy = $1
		$1.DirectoryNamespaceAssociation = PrefixedHierarchical
		$1.ResourceNamePolicy = FileName
	EndGlobalSection
EndGlobal
